// !$*UTF8*$!
{
	archiveVersion = 1;
	classes = {
	};
	objectVersion = 77;
	objects = {

/* Begin PBXBuildFile section */
		C43FC5122D61ABFD00680F68 /* CLAID in Frameworks */ = {isa = PBXBuildFile; productRef = C43FC5112D61ABFD00680F68 /* CLAID */; };
/* End PBXBuildFile section */

/* Begin PBXContainerItemProxy section */
		C45A2B7B2D5FD8C600570924 /* PBXContainerItemProxy */ = {
			isa = PBXContainerItemProxy;
			containerPortal = C45A2B622D5FD8C500570924 /* Project object */;
			proxyType = 1;
			remoteGlobalIDString = C45A2B692D5FD8C500570924;
			remoteInfo = iOSCLAIDTestApp;
		};
		C45A2B852D5FD8C600570924 /* PBXContainerItemProxy */ = {
			isa = PBXContainerItemProxy;
			containerPortal = C45A2B622D5FD8C500570924 /* Project object */;
			proxyType = 1;
			remoteGlobalIDString = C45A2B692D5FD8C500570924;
			remoteInfo = iOSCLAIDTestApp;
		};
/* End PBXContainerItemProxy section */

/* Begin PBXFileReference section */
		C45A2B6A2D5FD8C500570924 /* iOSCLAIDTestApp.app */ = {isa = PBXFileReference; explicitFileType = wrapper.application; includeInIndex = 0; path = iOSCLAIDTestApp.app; sourceTree = BUILT_PRODUCTS_DIR; };
		C45A2B7A2D5FD8C600570924 /* iOSCLAIDTestAppTests.xctest */ = {isa = PBXFileReference; explicitFileType = wrapper.cfbundle; includeInIndex = 0; path = iOSCLAIDTestAppTests.xctest; sourceTree = BUILT_PRODUCTS_DIR; };
		C45A2B842D5FD8C600570924 /* iOSCLAIDTestAppUITests.xctest */ = {isa = PBXFileReference; explicitFileType = wrapper.cfbundle; includeInIndex = 0; path = iOSCLAIDTestAppUITests.xctest; sourceTree = BUILT_PRODUCTS_DIR; };
/* End PBXFileReference section */

/* Begin PBXFileSystemSynchronizedRootGroup section */
		C45A2B6C2D5FD8C500570924 /* iOSCLAIDTestApp */ = {
			isa = PBXFileSystemSynchronizedRootGroup;
			path = iOSCLAIDTestApp;
			sourceTree = "<group>";
		};
		C45A2B7D2D5FD8C600570924 /* iOSCLAIDTestAppTests */ = {
			isa = PBXFileSystemSynchronizedRootGroup;
			path = iOSCLAIDTestAppTests;
			sourceTree = "<group>";
		};
		C45A2B872D5FD8C600570924 /* iOSCLAIDTestAppUITests */ = {
			isa = PBXFileSystemSynchronizedRootGroup;
			path = iOSCLAIDTestAppUITests;
			sourceTree = "<group>";
		};
/* End PBXFileSystemSynchronizedRootGroup section */

/* Begin PBXFrameworksBuildPhase section */
		C45A2B672D5FD8C500570924 /* Frameworks */ = {
			isa = PBXFrameworksBuildPhase;
			buildActionMask = 2147483647;
			files = (
				C43FC5122D61ABFD00680F68 /* CLAID in Frameworks */,
			);
			runOnlyForDeploymentPostprocessing = 0;
		};
		C45A2B772D5FD8C600570924 /* Frameworks */ = {
			isa = PBXFrameworksBuildPhase;
			buildActionMask = 2147483647;
			files = (
			);
			runOnlyForDeploymentPostprocessing = 0;
		};
		C45A2B812D5FD8C600570924 /* Frameworks */ = {
			isa = PBXFrameworksBuildPhase;
			buildActionMask = 2147483647;
			files = (
			);
			runOnlyForDeploymentPostprocessing = 0;
		};
/* End PBXFrameworksBuildPhase section */

/* Begin PBXGroup section */
		C45A2B612D5FD8C500570924 = {
			isa = PBXGroup;
			children = (
				C45A2B6C2D5FD8C500570924 /* iOSCLAIDTestApp */,
				C45A2B7D2D5FD8C600570924 /* iOSCLAIDTestAppTests */,
				C45A2B872D5FD8C600570924 /* iOSCLAIDTestAppUITests */,
				C45A2B6B2D5FD8C500570924 /* Products */,
			);
			sourceTree = "<group>";
		};
		C45A2B6B2D5FD8C500570924 /* Products */ = {
			isa = PBXGroup;
			children = (
				C45A2B6A2D5FD8C500570924 /* iOSCLAIDTestApp.app */,
				C45A2B7A2D5FD8C600570924 /* iOSCLAIDTestAppTests.xctest */,
				C45A2B842D5FD8C600570924 /* iOSCLAIDTestAppUITests.xctest */,
			);
			name = Products;
			sourceTree = "<group>";
		};
/* End PBXGroup section */

/* Begin PBXNativeTarget section */
		C45A2B692D5FD8C500570924 /* iOSCLAIDTestApp */ = {
			isa = PBXNativeTarget;
			buildConfigurationList = C45A2B8E2D5FD8C600570924 /* Build configuration list for PBXNativeTarget "iOSCLAIDTestApp" */;
			buildPhases = (
				C45A2B662D5FD8C500570924 /* Sources */,
				C45A2B672D5FD8C500570924 /* Frameworks */,
				C45A2B682D5FD8C500570924 /* Resources */,
			);
			buildRules = (
			);
			dependencies = (
			);
			fileSystemSynchronizedGroups = (
				C45A2B6C2D5FD8C500570924 /* iOSCLAIDTestApp */,
			);
			name = iOSCLAIDTestApp;
			packageProductDependencies = (
				C43FC5112D61ABFD00680F68 /* CLAID */,
			);
			productName = iOSCLAIDTestApp;
			productReference = C45A2B6A2D5FD8C500570924 /* iOSCLAIDTestApp.app */;
			productType = "com.apple.product-type.application";
		};
		C45A2B792D5FD8C600570924 /* iOSCLAIDTestAppTests */ = {
			isa = PBXNativeTarget;
			buildConfigurationList = C45A2B912D5FD8C600570924 /* Build configuration list for PBXNativeTarget "iOSCLAIDTestAppTests" */;
			buildPhases = (
				C45A2B762D5FD8C600570924 /* Sources */,
				C45A2B772D5FD8C600570924 /* Frameworks */,
				C45A2B782D5FD8C600570924 /* Resources */,
			);
			buildRules = (
			);
			dependencies = (
				C45A2B7C2D5FD8C600570924 /* PBXTargetDependency */,
			);
			fileSystemSynchronizedGroups = (
				C45A2B7D2D5FD8C600570924 /* iOSCLAIDTestAppTests */,
			);
			name = iOSCLAIDTestAppTests;
			packageProductDependencies = (
			);
			productName = iOSCLAIDTestAppTests;
			productReference = C45A2B7A2D5FD8C600570924 /* iOSCLAIDTestAppTests.xctest */;
			productType = "com.apple.product-type.bundle.unit-test";
		};
		C45A2B832D5FD8C600570924 /* iOSCLAIDTestAppUITests */ = {
			isa = PBXNativeTarget;
			buildConfigurationList = C45A2B942D5FD8C600570924 /* Build configuration list for PBXNativeTarget "iOSCLAIDTestAppUITests" */;
			buildPhases = (
				C45A2B802D5FD8C600570924 /* Sources */,
				C45A2B812D5FD8C600570924 /* Frameworks */,
				C45A2B822D5FD8C600570924 /* Resources */,
			);
			buildRules = (
			);
			dependencies = (
				C45A2B862D5FD8C600570924 /* PBXTargetDependency */,
			);
			fileSystemSynchronizedGroups = (
				C45A2B872D5FD8C600570924 /* iOSCLAIDTestAppUITests */,
			);
			name = iOSCLAIDTestAppUITests;
			packageProductDependencies = (
			);
			productName = iOSCLAIDTestAppUITests;
			productReference = C45A2B842D5FD8C600570924 /* iOSCLAIDTestAppUITests.xctest */;
			productType = "com.apple.product-type.bundle.ui-testing";
		};
/* End PBXNativeTarget section */

/* Begin PBXProject section */
		C45A2B622D5FD8C500570924 /* Project object */ = {
			isa = PBXProject;
			attributes = {
				BuildIndependentTargetsInParallel = 1;
				LastSwiftUpdateCheck = 1610;
				LastUpgradeCheck = 1610;
				TargetAttributes = {
					C45A2B692D5FD8C500570924 = {
						CreatedOnToolsVersion = 16.1;
					};
					C45A2B792D5FD8C600570924 = {
						CreatedOnToolsVersion = 16.1;
						TestTargetID = C45A2B692D5FD8C500570924;
					};
					C45A2B832D5FD8C600570924 = {
						CreatedOnToolsVersion = 16.1;
						TestTargetID = C45A2B692D5FD8C500570924;
					};
				};
			};
			buildConfigurationList = C45A2B652D5FD8C500570924 /* Build configuration list for PBXProject "iOSCLAIDTestApp" */;
			developmentRegion = en;
			hasScannedForEncodings = 0;
			knownRegions = (
				en,
				Base,
			);
			mainGroup = C45A2B612D5FD8C500570924;
			minimizedProjectReferenceProxies = 1;
			packageReferences = (
				C43FC5102D61ABFD00680F68 /* XCLocalSwiftPackageReference "../../CLAID" */,
			);
			preferredProjectObjectVersion = 77;
			productRefGroup = C45A2B6B2D5FD8C500570924 /* Products */;
			projectDirPath = "";
			projectRoot = "";
			targets = (
				C45A2B692D5FD8C500570924 /* iOSCLAIDTestApp */,
				C45A2B792D5FD8C600570924 /* iOSCLAIDTestAppTests */,
				C45A2B832D5FD8C600570924 /* iOSCLAIDTestAppUITests */,
			);
		};
/* End PBXProject section */

/* Begin PBXResourcesBuildPhase section */
		C45A2B682D5FD8C500570924 /* Resources */ = {
			isa = PBXResourcesBuildPhase;
			buildActionMask = 2147483647;
			files = (
			);
			runOnlyForDeploymentPostprocessing = 0;
		};
		C45A2B782D5FD8C600570924 /* Resources */ = {
			isa = PBXResourcesBuildPhase;
			buildActionMask = 2147483647;
			files = (
			);
			runOnlyForDeploymentPostprocessing = 0;
		};
		C45A2B822D5FD8C600570924 /* Resources */ = {
			isa = PBXResourcesBuildPhase;
			buildActionMask = 2147483647;
			files = (
			);
			runOnlyForDeploymentPostprocessing = 0;
		};
/* End PBXResourcesBuildPhase section */

/* Begin PBXSourcesBuildPhase section */
		C45A2B662D5FD8C500570924 /* Sources */ = {
			isa = PBXSourcesBuildPhase;
			buildActionMask = 2147483647;
			files = (
			);
			runOnlyForDeploymentPostprocessing = 0;
		};
		C45A2B762D5FD8C600570924 /* Sources */ = {
			isa = PBXSourcesBuildPhase;
			buildActionMask = 2147483647;
			files = (
			);
			runOnlyForDeploymentPostprocessing = 0;
		};
		C45A2B802D5FD8C600570924 /* Sources */ = {
			isa = PBXSourcesBuildPhase;
			buildActionMask = 2147483647;
			files = (
			);
			runOnlyForDeploymentPostprocessing = 0;
		};
/* End PBXSourcesBuildPhase section */

/* Begin PBXTargetDependency section */
		C45A2B7C2D5FD8C600570924 /* PBXTargetDependency */ = {
			isa = PBXTargetDependency;
			target = C45A2B692D5FD8C500570924 /* iOSCLAIDTestApp */;
			targetProxy = C45A2B7B2D5FD8C600570924 /* PBXContainerItemProxy */;
		};
		C45A2B862D5FD8C600570924 /* PBXTargetDependency */ = {
			isa = PBXTargetDependency;
			target = C45A2B692D5FD8C500570924 /* iOSCLAIDTestApp */;
			targetProxy = C45A2B852D5FD8C600570924 /* PBXContainerItemProxy */;
		};
/* End PBXTargetDependency section */

/* Begin XCBuildConfiguration section */
		C45A2B8C2D5FD8C600570924 /* Debug */ = {
			isa = XCBuildConfiguration;
			buildSettings = {
				ALWAYS_SEARCH_USER_PATHS = NO;
				ASSETCATALOG_COMPILER_GENERATE_SWIFT_ASSET_SYMBOL_EXTENSIONS = YES;
				CLANG_ANALYZER_NONNULL = YES;
				CLANG_ANALYZER_NUMBER_OBJECT_CONVERSION = YES_AGGRESSIVE;
				CLANG_CXX_LANGUAGE_STANDARD = "gnu++20";
				CLANG_ENABLE_MODULES = YES;
				CLANG_ENABLE_OBJC_ARC = YES;
				CLANG_ENABLE_OBJC_WEAK = YES;
				CLANG_WARN_BLOCK_CAPTURE_AUTORELEASING = YES;
				CLANG_WARN_BOOL_CONVERSION = YES;
				CLANG_WARN_COMMA = YES;
				CLANG_WARN_CONSTANT_CONVERSION = YES;
				CLANG_WARN_DEPRECATED_OBJC_IMPLEMENTATIONS = YES;
				CLANG_WARN_DIRECT_OBJC_ISA_USAGE = YES_ERROR;
				CLANG_WARN_DOCUMENTATION_COMMENTS = YES;
				CLANG_WARN_EMPTY_BODY = YES;
				CLANG_WARN_ENUM_CONVERSION = YES;
				CLANG_WARN_INFINITE_RECURSION = YES;
				CLANG_WARN_INT_CONVERSION = YES;
				CLANG_WARN_NON_LITERAL_NULL_CONVERSION = YES;
				CLANG_WARN_OBJC_IMPLICIT_RETAIN_SELF = YES;
				CLANG_WARN_OBJC_LITERAL_CONVERSION = YES;
				CLANG_WARN_OBJC_ROOT_CLASS = YES_ERROR;
				CLANG_WARN_QUOTED_INCLUDE_IN_FRAMEWORK_HEADER = YES;
				CLANG_WARN_RANGE_LOOP_ANALYSIS = YES;
				CLANG_WARN_STRICT_PROTOTYPES = YES;
				CLANG_WARN_SUSPICIOUS_MOVE = YES;
				CLANG_WARN_UNGUARDED_AVAILABILITY = YES_AGGRESSIVE;
				CLANG_WARN_UNREACHABLE_CODE = YES;
				CLANG_WARN__DUPLICATE_METHOD_MATCH = YES;
				COPY_PHASE_STRIP = NO;
				DEBUG_INFORMATION_FORMAT = dwarf;
				ENABLE_STRICT_OBJC_MSGSEND = YES;
				ENABLE_TESTABILITY = YES;
				ENABLE_USER_SCRIPT_SANDBOXING = YES;
				GCC_C_LANGUAGE_STANDARD = gnu17;
				GCC_DYNAMIC_NO_PIC = NO;
				GCC_NO_COMMON_BLOCKS = YES;
				GCC_OPTIMIZATION_LEVEL = 0;
				GCC_PREPROCESSOR_DEFINITIONS = (
					"DEBUG=1",
					"$(inherited)",
				);
				GCC_WARN_64_TO_32_BIT_CONVERSION = YES;
				GCC_WARN_ABOUT_RETURN_TYPE = YES_ERROR;
				GCC_WARN_UNDECLARED_SELECTOR = YES;
				GCC_WARN_UNINITIALIZED_AUTOS = YES_AGGRESSIVE;
				GCC_WARN_UNUSED_FUNCTION = YES;
				GCC_WARN_UNUSED_VARIABLE = YES;
				IPHONEOS_DEPLOYMENT_TARGET = 18.1;
				LOCALIZATION_PREFERS_STRING_CATALOGS = YES;
				MTL_ENABLE_DEBUG_INFO = INCLUDE_SOURCE;
				MTL_FAST_MATH = YES;
				ONLY_ACTIVE_ARCH = YES;
				SDKROOT = iphoneos;
				SWIFT_ACTIVE_COMPILATION_CONDITIONS = "DEBUG $(inherited)";
				SWIFT_OPTIMIZATION_LEVEL = "-Onone";
			};
			name = Debug;
		};
		C45A2B8D2D5FD8C600570924 /* Release */ = {
			isa = XCBuildConfiguration;
			buildSettings = {
				ALWAYS_SEARCH_USER_PATHS = NO;
				ASSETCATALOG_COMPILER_GENERATE_SWIFT_ASSET_SYMBOL_EXTENSIONS = YES;
				CLANG_ANALYZER_NONNULL = YES;
				CLANG_ANALYZER_NUMBER_OBJECT_CONVERSION = YES_AGGRESSIVE;
				CLANG_CXX_LANGUAGE_STANDARD = "gnu++20";
				CLANG_ENABLE_MODULES = YES;
				CLANG_ENABLE_OBJC_ARC = YES;
				CLANG_ENABLE_OBJC_WEAK = YES;
				CLANG_WARN_BLOCK_CAPTURE_AUTORELEASING = YES;
				CLANG_WARN_BOOL_CONVERSION = YES;
				CLANG_WARN_COMMA = YES;
				CLANG_WARN_CONSTANT_CONVERSION = YES;
				CLANG_WARN_DEPRECATED_OBJC_IMPLEMENTATIONS = YES;
				CLANG_WARN_DIRECT_OBJC_ISA_USAGE = YES_ERROR;
				CLANG_WARN_DOCUMENTATION_COMMENTS = YES;
				CLANG_WARN_EMPTY_BODY = YES;
				CLANG_WARN_ENUM_CONVERSION = YES;
				CLANG_WARN_INFINITE_RECURSION = YES;
				CLANG_WARN_INT_CONVERSION = YES;
				CLANG_WARN_NON_LITERAL_NULL_CONVERSION = YES;
				CLANG_WARN_OBJC_IMPLICIT_RETAIN_SELF = YES;
				CLANG_WARN_OBJC_LITERAL_CONVERSION = YES;
				CLANG_WARN_OBJC_ROOT_CLASS = YES_ERROR;
				CLANG_WARN_QUOTED_INCLUDE_IN_FRAMEWORK_HEADER = YES;
				CLANG_WARN_RANGE_LOOP_ANALYSIS = YES;
				CLANG_WARN_STRICT_PROTOTYPES = YES;
				CLANG_WARN_SUSPICIOUS_MOVE = YES;
				CLANG_WARN_UNGUARDED_AVAILABILITY = YES_AGGRESSIVE;
				CLANG_WARN_UNREACHABLE_CODE = YES;
				CLANG_WARN__DUPLICATE_METHOD_MATCH = YES;
				COPY_PHASE_STRIP = NO;
				DEBUG_INFORMATION_FORMAT = "dwarf-with-dsym";
				ENABLE_NS_ASSERTIONS = NO;
				ENABLE_STRICT_OBJC_MSGSEND = YES;
				ENABLE_USER_SCRIPT_SANDBOXING = YES;
				GCC_C_LANGUAGE_STANDARD = gnu17;
				GCC_NO_COMMON_BLOCKS = YES;
				GCC_WARN_64_TO_32_BIT_CONVERSION = YES;
				GCC_WARN_ABOUT_RETURN_TYPE = YES_ERROR;
				GCC_WARN_UNDECLARED_SELECTOR = YES;
				GCC_WARN_UNINITIALIZED_AUTOS = YES_AGGRESSIVE;
				GCC_WARN_UNUSED_FUNCTION = YES;
				GCC_WARN_UNUSED_VARIABLE = YES;
				IPHONEOS_DEPLOYMENT_TARGET = 18.1;
				LOCALIZATION_PREFERS_STRING_CATALOGS = YES;
				MTL_ENABLE_DEBUG_INFO = NO;
				MTL_FAST_MATH = YES;
				SDKROOT = iphoneos;
				SWIFT_COMPILATION_MODE = wholemodule;
				VALIDATE_PRODUCT = YES;
			};
			name = Release;
		};
		C45A2B8F2D5FD8C600570924 /* Debug */ = {
			isa = XCBuildConfiguration;
			buildSettings = {
				ASSETCATALOG_COMPILER_APPICON_NAME = AppIcon;
				ASSETCATALOG_COMPILER_GLOBAL_ACCENT_COLOR_NAME = AccentColor;
				CODE_SIGN_STYLE = Automatic;
				CURRENT_PROJECT_VERSION = 1;
				DEVELOPMENT_ASSET_PATHS = "\"iOSCLAIDTestApp/Preview Content\"";
				DEVELOPMENT_TEAM = 5Y5CJG253R;
				ENABLE_PREVIEWS = YES;
				GENERATE_INFOPLIST_FILE = YES;
				INFOPLIST_KEY_UIApplicationSceneManifest_Generation = YES;
				INFOPLIST_KEY_UIApplicationSupportsIndirectInputEvents = YES;
				INFOPLIST_KEY_UILaunchScreen_Generation = YES;
				INFOPLIST_KEY_UISupportedInterfaceOrientations_iPad = "UIInterfaceOrientationPortrait UIInterfaceOrientationPortraitUpsideDown UIInterfaceOrientationLandscapeLeft UIInterfaceOrientationLandscapeRight";
				INFOPLIST_KEY_UISupportedInterfaceOrientations_iPhone = "UIInterfaceOrientationPortrait UIInterfaceOrientationLandscapeLeft UIInterfaceOrientationLandscapeRight";
				LD_RUNPATH_SEARCH_PATHS = (
					"$(inherited)",
					"@executable_path/Frameworks",
				);
				MARKETING_VERSION = 1.0;
				PRODUCT_BUNDLE_IDENTIFIER = ch.claid.iOSCLAIDTestApp;
				PRODUCT_NAME = "$(TARGET_NAME)";
				SWIFT_EMIT_LOC_STRINGS = YES;
				SWIFT_VERSION = 5.0;
				TARGETED_DEVICE_FAMILY = "1,2";
			};
			name = Debug;
		};
		C45A2B902D5FD8C600570924 /* Release */ = {
			isa = XCBuildConfiguration;
			buildSettings = {
				ASSETCATALOG_COMPILER_APPICON_NAME = AppIcon;
				ASSETCATALOG_COMPILER_GLOBAL_ACCENT_COLOR_NAME = AccentColor;
				CODE_SIGN_STYLE = Automatic;
				CURRENT_PROJECT_VERSION = 1;
				DEVELOPMENT_ASSET_PATHS = "\"iOSCLAIDTestApp/Preview Content\"";
				DEVELOPMENT_TEAM = 5Y5CJG253R;
				ENABLE_PREVIEWS = YES;
				GENERATE_INFOPLIST_FILE = YES;
				INFOPLIST_KEY_UIApplicationSceneManifest_Generation = YES;
				INFOPLIST_KEY_UIApplicationSupportsIndirectInputEvents = YES;
				INFOPLIST_KEY_UILaunchScreen_Generation = YES;
				INFOPLIST_KEY_UISupportedInterfaceOrientations_iPad = "UIInterfaceOrientationPortrait UIInterfaceOrientationPortraitUpsideDown UIInterfaceOrientationLandscapeLeft UIInterfaceOrientationLandscapeRight";
				INFOPLIST_KEY_UISupportedInterfaceOrientations_iPhone = "UIInterfaceOrientationPortrait UIInterfaceOrientationLandscapeLeft UIInterfaceOrientationLandscapeRight";
				LD_RUNPATH_SEARCH_PATHS = (
					"$(inherited)",
					"@executable_path/Frameworks",
				);
				MARKETING_VERSION = 1.0;
				PRODUCT_BUNDLE_IDENTIFIER = ch.claid.iOSCLAIDTestApp;
				PRODUCT_NAME = "$(TARGET_NAME)";
				SWIFT_EMIT_LOC_STRINGS = YES;
				SWIFT_VERSION = 5.0;
				TARGETED_DEVICE_FAMILY = "1,2";
			};
			name = Release;
		};
		C45A2B922D5FD8C600570924 /* Debug */ = {
			isa = XCBuildConfiguration;
			buildSettings = {
				BUNDLE_LOADER = "$(TEST_HOST)";
				CODE_SIGN_STYLE = Automatic;
				CURRENT_PROJECT_VERSION = 1;
				DEVELOPMENT_TEAM = 5Y5CJG253R;
				GENERATE_INFOPLIST_FILE = YES;
				IPHONEOS_DEPLOYMENT_TARGET = 18.1;
				MARKETING_VERSION = 1.0;
				PRODUCT_BUNDLE_IDENTIFIER = ch.claid.iOSCLAIDTestAppTests;
				PRODUCT_NAME = "$(TARGET_NAME)";
				SWIFT_EMIT_LOC_STRINGS = NO;
				SWIFT_VERSION = 5.0;
				TARGETED_DEVICE_FAMILY = "1,2";
				TEST_HOST = "$(BUILT_PRODUCTS_DIR)/iOSCLAIDTestApp.app/$(BUNDLE_EXECUTABLE_FOLDER_PATH)/iOSCLAIDTestApp";
			};
			name = Debug;
		};
		C45A2B932D5FD8C600570924 /* Release */ = {
			isa = XCBuildConfiguration;
			buildSettings = {
				BUNDLE_LOADER = "$(TEST_HOST)";
				CODE_SIGN_STYLE = Automatic;
				CURRENT_PROJECT_VERSION = 1;
				DEVELOPMENT_TEAM = 5Y5CJG253R;
				GENERATE_INFOPLIST_FILE = YES;
				IPHONEOS_DEPLOYMENT_TARGET = 18.1;
				MARKETING_VERSION = 1.0;
				PRODUCT_BUNDLE_IDENTIFIER = ch.claid.iOSCLAIDTestAppTests;
				PRODUCT_NAME = "$(TARGET_NAME)";
				SWIFT_EMIT_LOC_STRINGS = NO;
				SWIFT_VERSION = 5.0;
				TARGETED_DEVICE_FAMILY = "1,2";
				TEST_HOST = "$(BUILT_PRODUCTS_DIR)/iOSCLAIDTestApp.app/$(BUNDLE_EXECUTABLE_FOLDER_PATH)/iOSCLAIDTestApp";
			};
			name = Release;
		};
		C45A2B952D5FD8C600570924 /* Debug */ = {
			isa = XCBuildConfiguration;
			buildSettings = {
				CODE_SIGN_STYLE = Automatic;
				CURRENT_PROJECT_VERSION = 1;
				DEVELOPMENT_TEAM = 5Y5CJG253R;
				GENERATE_INFOPLIST_FILE = YES;
				MARKETING_VERSION = 1.0;
				PRODUCT_BUNDLE_IDENTIFIER = ch.claid.iOSCLAIDTestAppUITests;
				PRODUCT_NAME = "$(TARGET_NAME)";
				SWIFT_EMIT_LOC_STRINGS = NO;
				SWIFT_VERSION = 5.0;
				TARGETED_DEVICE_FAMILY = "1,2";
				TEST_TARGET_NAME = iOSCLAIDTestApp;
			};
			name = Debug;
		};
		C45A2B962D5FD8C600570924 /* Release */ = {
			isa = XCBuildConfiguration;
			buildSettings = {
				CODE_SIGN_STYLE = Automatic;
				CURRENT_PROJECT_VERSION = 1;
				DEVELOPMENT_TEAM = 5Y5CJG253R;
				GENERATE_INFOPLIST_FILE = YES;
				MARKETING_VERSION = 1.0;
				PRODUCT_BUNDLE_IDENTIFIER = ch.claid.iOSCLAIDTestAppUITests;
				PRODUCT_NAME = "$(TARGET_NAME)";
				SWIFT_EMIT_LOC_STRINGS = NO;
				SWIFT_VERSION = 5.0;
				TARGETED_DEVICE_FAMILY = "1,2";
				TEST_TARGET_NAME = iOSCLAIDTestApp;
			};
			name = Release;
		};
/* End XCBuildConfiguration section */

/* Begin XCConfigurationList section */
		C45A2B652D5FD8C500570924 /* Build configuration list for PBXProject "iOSCLAIDTestApp" */ = {
			isa = XCConfigurationList;
			buildConfigurations = (
				C45A2B8C2D5FD8C600570924 /* Debug */,
				C45A2B8D2D5FD8C600570924 /* Release */,
			);
			defaultConfigurationIsVisible = 0;
			defaultConfigurationName = Release;
		};
		C45A2B8E2D5FD8C600570924 /* Build configuration list for PBXNativeTarget "iOSCLAIDTestApp" */ = {
			isa = XCConfigurationList;
			buildConfigurations = (
				C45A2B8F2D5FD8C600570924 /* Debug */,
				C45A2B902D5FD8C600570924 /* Release */,
			);
			defaultConfigurationIsVisible = 0;
			defaultConfigurationName = Release;
		};
		C45A2B912D5FD8C600570924 /* Build configuration list for PBXNativeTarget "iOSCLAIDTestAppTests" */ = {
			isa = XCConfigurationList;
			buildConfigurations = (
				C45A2B922D5FD8C600570924 /* Debug */,
				C45A2B932D5FD8C600570924 /* Release */,
			);
			defaultConfigurationIsVisible = 0;
			defaultConfigurationName = Release;
		};
		C45A2B942D5FD8C600570924 /* Build configuration list for PBXNativeTarget "iOSCLAIDTestAppUITests" */ = {
			isa = XCConfigurationList;
			buildConfigurations = (
				C45A2B952D5FD8C600570924 /* Debug */,
				C45A2B962D5FD8C600570924 /* Release */,
			);
			defaultConfigurationIsVisible = 0;
			defaultConfigurationName = Release;
		};
/* End XCConfigurationList section */

/* Begin XCLocalSwiftPackageReference section */
		C43FC5102D61ABFD00680F68 /* XCLocalSwiftPackageReference "../../CLAID" */ = {
			isa = XCLocalSwiftPackageReference;
			relativePath = ../../CLAID;
		};
/* End XCLocalSwiftPackageReference section */

/* Begin XCSwiftPackageProductDependency section */
		C43FC5112D61ABFD00680F68 /* CLAID */ = {
			isa = XCSwiftPackageProductDependency;
			productName = CLAID;
		};
/* End XCSwiftPackageProductDependency section */
	};
	rootObject = C45A2B622D5FD8C500570924 /* Project object */;
}
