// !$*UTF8*$!
{
	archiveVersion = 1;
	classes = {
	};
	objectVersion = 55;
	objects = {

/* Begin PBXBuildFile section */
		2C84E10B287EB33000F8BC37 /* AppDelegate.m in Sources */ = {isa = PBXBuildFile; fileRef = 2C84E10A287EB33000F8BC37 /* AppDelegate.m */; };
		2C84E10E287EB33000F8BC37 /* SceneDelegate.m in Sources */ = {isa = PBXBuildFile; fileRef = 2C84E10D287EB33000F8BC37 /* SceneDelegate.m */; };
		2C84E111287EB33000F8BC37 /* ViewController.m in Sources */ = {isa = PBXBuildFile; fileRef = 2C84E110287EB33000F8BC37 /* ViewController.m */; };
		2C84E114287EB33000F8BC37 /* Main.storyboard in Resources */ = {isa = PBXBuildFile; fileRef = 2C84E112287EB33000F8BC37 /* Main.storyboard */; };
		2C84E116287EB33300F8BC37 /* Assets.xcassets in Resources */ = {isa = PBXBuildFile; fileRef = 2C84E115287EB33300F8BC37 /* Assets.xcassets */; };
		2C84E119287EB33300F8BC37 /* LaunchScreen.storyboard in Resources */ = {isa = PBXBuildFile; fileRef = 2C84E117287EB33300F8BC37 /* LaunchScreen.storyboard */; };
		2C84E11C287EB33300F8BC37 /* main.m in Sources */ = {isa = PBXBuildFile; fileRef = 2C84E11B287EB33300F8BC37 /* main.m */; };
/* End PBXBuildFile section */

/* Begin PBXFileReference section */
		2C84E106287EB33000F8BC37 /* BazelHelloworldObjC.app */ = {isa = PBXFileReference; explicitFileType = wrapper.application; includeInIndex = 0; path = BazelHelloworldObjC.app; sourceTree = BUILT_PRODUCTS_DIR; };
		2C84E109287EB33000F8BC37 /* AppDelegate.h */ = {isa = PBXFileReference; lastKnownFileType = sourcecode.c.h; path = AppDelegate.h; sourceTree = "<group>"; };
		2C84E10A287EB33000F8BC37 /* AppDelegate.m */ = {isa = PBXFileReference; lastKnownFileType = sourcecode.c.objc; path = AppDelegate.m; sourceTree = "<group>"; };
		2C84E10C287EB33000F8BC37 /* SceneDelegate.h */ = {isa = PBXFileReference; lastKnownFileType = sourcecode.c.h; path = SceneDelegate.h; sourceTree = "<group>"; };
		2C84E10D287EB33000F8BC37 /* SceneDelegate.m */ = {isa = PBXFileReference; lastKnownFileType = sourcecode.c.objc; path = SceneDelegate.m; sourceTree = "<group>"; };
		2C84E10F287EB33000F8BC37 /* ViewController.h */ = {isa = PBXFileReference; lastKnownFileType = sourcecode.c.h; path = ViewController.h; sourceTree = "<group>"; };
		2C84E110287EB33000F8BC37 /* ViewController.m */ = {isa = PBXFileReference; lastKnownFileType = sourcecode.c.objc; path = ViewController.m; sourceTree = "<group>"; };
		2C84E113287EB33000F8BC37 /* Base */ = {isa = PBXFileReference; lastKnownFileType = file.storyboard; name = Base; path = Base.lproj/Main.storyboard; sourceTree = "<group>"; };
		2C84E115287EB33300F8BC37 /* Assets.xcassets */ = {isa = PBXFileReference; lastKnownFileType = folder.assetcatalog; path = Assets.xcassets; sourceTree = "<group>"; };
		2C84E118287EB33300F8BC37 /* Base */ = {isa = PBXFileReference; lastKnownFileType = file.storyboard; name = Base; path = Base.lproj/LaunchScreen.storyboard; sourceTree = "<group>"; };
		2C84E11A287EB33300F8BC37 /* Info.plist */ = {isa = PBXFileReference; lastKnownFileType = text.plist.xml; path = Info.plist; sourceTree = "<group>"; };
		2C84E11B287EB33300F8BC37 /* main.m */ = {isa = PBXFileReference; lastKnownFileType = sourcecode.c.objc; path = main.m; sourceTree = "<group>"; };
/* End PBXFileReference section */

/* Begin PBXFrameworksBuildPhase section */
		2C84E103287EB33000F8BC37 /* Frameworks */ = {
			isa = PBXFrameworksBuildPhase;
			buildActionMask = 2147483647;
			files = (
			);
			runOnlyForDeploymentPostprocessing = 0;
		};
/* End PBXFrameworksBuildPhase section */

/* Begin PBXGroup section */
		2C84E0FD287EB33000F8BC37 = {
			isa = PBXGroup;
			children = (
				2C84E108287EB33000F8BC37 /* BazelHelloworldObjC */,
				2C84E107287EB33000F8BC37 /* Products */,
			);
			sourceTree = "<group>";
		};
		2C84E107287EB33000F8BC37 /* Products */ = {
			isa = PBXGroup;
			children = (
				2C84E106287EB33000F8BC37 /* BazelHelloworldObjC.app */,
			);
			name = Products;
			sourceTree = "<group>";
		};
		2C84E108287EB33000F8BC37 /* BazelHelloworldObjC */ = {
			isa = PBXGroup;
			children = (
				2C84E109287EB33000F8BC37 /* AppDelegate.h */,
				2C84E10A287EB33000F8BC37 /* AppDelegate.m */,
				2C84E10C287EB33000F8BC37 /* SceneDelegate.h */,
				2C84E10D287EB33000F8BC37 /* SceneDelegate.m */,
				2C84E10F287EB33000F8BC37 /* ViewController.h */,
				2C84E110287EB33000F8BC37 /* ViewController.m */,
				2C84E112287EB33000F8BC37 /* Main.storyboard */,
				2C84E115287EB33300F8BC37 /* Assets.xcassets */,
				2C84E117287EB33300F8BC37 /* LaunchScreen.storyboard */,
				2C84E11A287EB33300F8BC37 /* Info.plist */,
				2C84E11B287EB33300F8BC37 /* main.m */,
			);
			path = BazelHelloworldObjC;
			sourceTree = "<group>";
		};
/* End PBXGroup section */

/* Begin PBXNativeTarget section */
		2C84E105287EB33000F8BC37 /* BazelHelloworldObjC */ = {
			isa = PBXNativeTarget;
			buildConfigurationList = 2C84E11F287EB33300F8BC37 /* Build configuration list for PBXNativeTarget "BazelHelloworldObjC" */;
			buildPhases = (
				2C84E102287EB33000F8BC37 /* Sources */,
				2C84E103287EB33000F8BC37 /* Frameworks */,
				2C84E104287EB33000F8BC37 /* Resources */,
			);
			buildRules = (
			);
			dependencies = (
			);
			name = BazelHelloworldObjC;
			productName = BazelHelloworldObjC;
			productReference = 2C84E106287EB33000F8BC37 /* BazelHelloworldObjC.app */;
			productType = "com.apple.product-type.application";
		};
/* End PBXNativeTarget section */

/* Begin PBXProject section */
		2C84E0FE287EB33000F8BC37 /* Project object */ = {
			isa = PBXProject;
			attributes = {
				BuildIndependentTargetsInParallel = 1;
				LastUpgradeCheck = 1340;
				TargetAttributes = {
					2C84E105287EB33000F8BC37 = {
						CreatedOnToolsVersion = 13.4.1;
					};
				};
			};
			buildConfigurationList = 2C84E101287EB33000F8BC37 /* Build configuration list for PBXProject "BazelHelloworldObjC" */;
			compatibilityVersion = "Xcode 13.0";
			developmentRegion = en;
			hasScannedForEncodings = 0;
			knownRegions = (
				en,
				Base,
			);
			mainGroup = 2C84E0FD287EB33000F8BC37;
			productRefGroup = 2C84E107287EB33000F8BC37 /* Products */;
			projectDirPath = "";
			projectRoot = "";
			targets = (
				2C84E105287EB33000F8BC37 /* BazelHelloworldObjC */,
			);
		};
/* End PBXProject section */

/* Begin PBXResourcesBuildPhase section */
		2C84E104287EB33000F8BC37 /* Resources */ = {
			isa = PBXResourcesBuildPhase;
			buildActionMask = 2147483647;
			files = (
				2C84E119287EB33300F8BC37 /* LaunchScreen.storyboard in Resources */,
				2C84E116287EB33300F8BC37 /* Assets.xcassets in Resources */,
				2C84E114287EB33000F8BC37 /* Main.storyboard in Resources */,
			);
			runOnlyForDeploymentPostprocessing = 0;
		};
/* End PBXResourcesBuildPhase section */

/* Begin PBXSourcesBuildPhase section */
		2C84E102287EB33000F8BC37 /* Sources */ = {
			isa = PBXSourcesBuildPhase;
			buildActionMask = 2147483647;
			files = (
				2C84E111287EB33000F8BC37 /* ViewController.m in Sources */,
				2C84E10B287EB33000F8BC37 /* AppDelegate.m in Sources */,
				2C84E11C287EB33300F8BC37 /* main.m in Sources */,
				2C84E10E287EB33000F8BC37 /* SceneDelegate.m in Sources */,
			);
			runOnlyForDeploymentPostprocessing = 0;
		};
/* End PBXSourcesBuildPhase section */

/* Begin PBXVariantGroup section */
		2C84E112287EB33000F8BC37 /* Main.storyboard */ = {
			isa = PBXVariantGroup;
			children = (
				2C84E113287EB33000F8BC37 /* Base */,
			);
			name = Main.storyboard;
			sourceTree = "<group>";
		};
		2C84E117287EB33300F8BC37 /* LaunchScreen.storyboard */ = {
			isa = PBXVariantGroup;
			children = (
				2C84E118287EB33300F8BC37 /* Base */,
			);
			name = LaunchScreen.storyboard;
			sourceTree = "<group>";
		};
/* End PBXVariantGroup section */

/* Begin XCBuildConfiguration section */
		2C84E11D287EB33300F8BC37 /* Debug */ = {
			isa = XCBuildConfiguration;
			buildSettings = {
				ALWAYS_SEARCH_USER_PATHS = NO;
				CLANG_ANALYZER_NONNULL = YES;
				CLANG_ANALYZER_NUMBER_OBJECT_CONVERSION = YES_AGGRESSIVE;
				CLANG_CXX_LANGUAGE_STANDARD = "gnu++17";
				CLANG_ENABLE_MODULES = YES;
				CLANG_ENABLE_OBJC_ARC = YES;
				CLANG_ENABLE_OBJC_WEAK = YES;
				CLANG_WARN_BLOCK_CAPTURE_AUTORELEASING = YES;
				CLANG_WARN_BOOL_CONVERSION = YES;
				CLANG_WARN_COMMA = YES;
				CLANG_WARN_CONSTANT_CONVERSION = YES;
				CLANG_WARN_DEPRECATED_OBJC_IMPLEMENTATIONS = YES;
				CLANG_WARN_DIRECT_OBJC_ISA_USAGE = YES_ERROR;
				CLANG_WARN_DOCUMENTATION_COMMENTS = YES;
				CLANG_WARN_EMPTY_BODY = YES;
				CLANG_WARN_ENUM_CONVERSION = YES;
				CLANG_WARN_INFINITE_RECURSION = YES;
				CLANG_WARN_INT_CONVERSION = YES;
				CLANG_WARN_NON_LITERAL_NULL_CONVERSION = YES;
				CLANG_WARN_OBJC_IMPLICIT_RETAIN_SELF = YES;
				CLANG_WARN_OBJC_LITERAL_CONVERSION = YES;
				CLANG_WARN_OBJC_ROOT_CLASS = YES_ERROR;
				CLANG_WARN_QUOTED_INCLUDE_IN_FRAMEWORK_HEADER = YES;
				CLANG_WARN_RANGE_LOOP_ANALYSIS = YES;
				CLANG_WARN_STRICT_PROTOTYPES = YES;
				CLANG_WARN_SUSPICIOUS_MOVE = YES;
				CLANG_WARN_UNGUARDED_AVAILABILITY = YES_AGGRESSIVE;
				CLANG_WARN_UNREACHABLE_CODE = YES;
				CLANG_WARN__DUPLICATE_METHOD_MATCH = YES;
				COPY_PHASE_STRIP = NO;
				DEBUG_INFORMATION_FORMAT = dwarf;
				ENABLE_STRICT_OBJC_MSGSEND = YES;
				ENABLE_TESTABILITY = YES;
				GCC_C_LANGUAGE_STANDARD = gnu11;
				GCC_DYNAMIC_NO_PIC = NO;
				GCC_NO_COMMON_BLOCKS = YES;
				GCC_OPTIMIZATION_LEVEL = 0;
				GCC_PREPROCESSOR_DEFINITIONS = (
					"DEBUG=1",
					"$(inherited)",
				);
				GCC_WARN_64_TO_32_BIT_CONVERSION = YES;
				GCC_WARN_ABOUT_RETURN_TYPE = YES_ERROR;
				GCC_WARN_UNDECLARED_SELECTOR = YES;
				GCC_WARN_UNINITIALIZED_AUTOS = YES_AGGRESSIVE;
				GCC_WARN_UNUSED_FUNCTION = YES;
				GCC_WARN_UNUSED_VARIABLE = YES;
				IPHONEOS_DEPLOYMENT_TARGET = 15.5;
				MTL_ENABLE_DEBUG_INFO = INCLUDE_SOURCE;
				MTL_FAST_MATH = YES;
				ONLY_ACTIVE_ARCH = YES;
				SDKROOT = iphoneos;
			};
			name = Debug;
		};
		2C84E11E287EB33300F8BC37 /* Release */ = {
			isa = XCBuildConfiguration;
			buildSettings = {
				ALWAYS_SEARCH_USER_PATHS = NO;
				CLANG_ANALYZER_NONNULL = YES;
				CLANG_ANALYZER_NUMBER_OBJECT_CONVERSION = YES_AGGRESSIVE;
				CLANG_CXX_LANGUAGE_STANDARD = "gnu++17";
				CLANG_ENABLE_MODULES = YES;
				CLANG_ENABLE_OBJC_ARC = YES;
				CLANG_ENABLE_OBJC_WEAK = YES;
				CLANG_WARN_BLOCK_CAPTURE_AUTORELEASING = YES;
				CLANG_WARN_BOOL_CONVERSION = YES;
				CLANG_WARN_COMMA = YES;
				CLANG_WARN_CONSTANT_CONVERSION = YES;
				CLANG_WARN_DEPRECATED_OBJC_IMPLEMENTATIONS = YES;
				CLANG_WARN_DIRECT_OBJC_ISA_USAGE = YES_ERROR;
				CLANG_WARN_DOCUMENTATION_COMMENTS = YES;
				CLANG_WARN_EMPTY_BODY = YES;
				CLANG_WARN_ENUM_CONVERSION = YES;
				CLANG_WARN_INFINITE_RECURSION = YES;
				CLANG_WARN_INT_CONVERSION = YES;
				CLANG_WARN_NON_LITERAL_NULL_CONVERSION = YES;
				CLANG_WARN_OBJC_IMPLICIT_RETAIN_SELF = YES;
				CLANG_WARN_OBJC_LITERAL_CONVERSION = YES;
				CLANG_WARN_OBJC_ROOT_CLASS = YES_ERROR;
				CLANG_WARN_QUOTED_INCLUDE_IN_FRAMEWORK_HEADER = YES;
				CLANG_WARN_RANGE_LOOP_ANALYSIS = YES;
				CLANG_WARN_STRICT_PROTOTYPES = YES;
				CLANG_WARN_SUSPICIOUS_MOVE = YES;
				CLANG_WARN_UNGUARDED_AVAILABILITY = YES_AGGRESSIVE;
				CLANG_WARN_UNREACHABLE_CODE = YES;
				CLANG_WARN__DUPLICATE_METHOD_MATCH = YES;
				COPY_PHASE_STRIP = NO;
				DEBUG_INFORMATION_FORMAT = "dwarf-with-dsym";
				ENABLE_NS_ASSERTIONS = NO;
				ENABLE_STRICT_OBJC_MSGSEND = YES;
				GCC_C_LANGUAGE_STANDARD = gnu11;
				GCC_NO_COMMON_BLOCKS = YES;
				GCC_WARN_64_TO_32_BIT_CONVERSION = YES;
				GCC_WARN_ABOUT_RETURN_TYPE = YES_ERROR;
				GCC_WARN_UNDECLARED_SELECTOR = YES;
				GCC_WARN_UNINITIALIZED_AUTOS = YES_AGGRESSIVE;
				GCC_WARN_UNUSED_FUNCTION = YES;
				GCC_WARN_UNUSED_VARIABLE = YES;
				IPHONEOS_DEPLOYMENT_TARGET = 15.5;
				MTL_ENABLE_DEBUG_INFO = NO;
				MTL_FAST_MATH = YES;
				SDKROOT = iphoneos;
				VALIDATE_PRODUCT = YES;
			};
			name = Release;
		};
		2C84E120287EB33300F8BC37 /* Debug */ = {
			isa = XCBuildConfiguration;
			buildSettings = {
				ASSETCATALOG_COMPILER_APPICON_NAME = AppIcon;
				ASSETCATALOG_COMPILER_GLOBAL_ACCENT_COLOR_NAME = AccentColor;
				CODE_SIGN_STYLE = Automatic;
				CURRENT_PROJECT_VERSION = 1;
				DEVELOPMENT_TEAM = Y3DV63TC83;
				GENERATE_INFOPLIST_FILE = YES;
				INFOPLIST_FILE = BazelHelloworldObjC/Info.plist;
				INFOPLIST_KEY_UIApplicationSupportsIndirectInputEvents = YES;
				INFOPLIST_KEY_UILaunchStoryboardName = LaunchScreen;
				INFOPLIST_KEY_UIMainStoryboardFile = Main;
				INFOPLIST_KEY_UISupportedInterfaceOrientations_iPad = "UIInterfaceOrientationPortrait UIInterfaceOrientationPortraitUpsideDown UIInterfaceOrientationLandscapeLeft UIInterfaceOrientationLandscapeRight";
				INFOPLIST_KEY_UISupportedInterfaceOrientations_iPhone = "UIInterfaceOrientationPortrait UIInterfaceOrientationLandscapeLeft UIInterfaceOrientationLandscapeRight";
				LD_RUNPATH_SEARCH_PATHS = (
					"$(inherited)",
					"@executable_path/Frameworks",
				);
				MARKETING_VERSION = 1.0;
				PRODUCT_BUNDLE_IDENTIFIER = com.domain.appBundleID;
				PRODUCT_NAME = "$(TARGET_NAME)";
				SWIFT_EMIT_LOC_STRINGS = YES;
				TARGETED_DEVICE_FAMILY = "1,2";
			};
			name = Debug;
		};
		2C84E121287EB33300F8BC37 /* Release */ = {
			isa = XCBuildConfiguration;
			buildSettings = {
				ASSETCATALOG_COMPILER_APPICON_NAME = AppIcon;
				ASSETCATALOG_COMPILER_GLOBAL_ACCENT_COLOR_NAME = AccentColor;
				CODE_SIGN_STYLE = Automatic;
				CURRENT_PROJECT_VERSION = 1;
				DEVELOPMENT_TEAM = Y3DV63TC83;
				GENERATE_INFOPLIST_FILE = YES;
				INFOPLIST_FILE = BazelHelloworldObjC/Info.plist;
				INFOPLIST_KEY_UIApplicationSupportsIndirectInputEvents = YES;
				INFOPLIST_KEY_UILaunchStoryboardName = LaunchScreen;
				INFOPLIST_KEY_UIMainStoryboardFile = Main;
				INFOPLIST_KEY_UISupportedInterfaceOrientations_iPad = "UIInterfaceOrientationPortrait UIInterfaceOrientationPortraitUpsideDown UIInterfaceOrientationLandscapeLeft UIInterfaceOrientationLandscapeRight";
				INFOPLIST_KEY_UISupportedInterfaceOrientations_iPhone = "UIInterfaceOrientationPortrait UIInterfaceOrientationLandscapeLeft UIInterfaceOrientationLandscapeRight";
				LD_RUNPATH_SEARCH_PATHS = (
					"$(inherited)",
					"@executable_path/Frameworks",
				);
				MARKETING_VERSION = 1.0;
				PRODUCT_BUNDLE_IDENTIFIER = com.domain.appBundleID;
				PRODUCT_NAME = "$(TARGET_NAME)";
				SWIFT_EMIT_LOC_STRINGS = YES;
				TARGETED_DEVICE_FAMILY = "1,2";
			};
			name = Release;
		};
/* End XCBuildConfiguration section */

/* Begin XCConfigurationList section */
		2C84E101287EB33000F8BC37 /* Build configuration list for PBXProject "BazelHelloworldObjC" */ = {
			isa = XCConfigurationList;
			buildConfigurations = (
				2C84E11D287EB33300F8BC37 /* Debug */,
				2C84E11E287EB33300F8BC37 /* Release */,
			);
			defaultConfigurationIsVisible = 0;
			defaultConfigurationName = Release;
		};
		2C84E11F287EB33300F8BC37 /* Build configuration list for PBXNativeTarget "BazelHelloworldObjC" */ = {
			isa = XCConfigurationList;
			buildConfigurations = (
				2C84E120287EB33300F8BC37 /* Debug */,
				2C84E121287EB33300F8BC37 /* Release */,
			);
			defaultConfigurationIsVisible = 0;
			defaultConfigurationName = Release;
		};
/* End XCConfigurationList section */
	};
	rootObject = 2C84E0FE287EB33000F8BC37 /* Project object */;
}
